
Microsoft Visual Studio Solution File, Format Version 12.00
# Visual Studio Version 16
VisualStudioVersion = 16.0.29806.167
MinimumVisualStudioVersion = 10.0.40219.1
Project("{FAE04EC0-301F-11D3-BF4B-00C04F79EFBC}") = "ClassAndMethods155", "ClassAndMethods155\ClassAndMethods155.csproj", "{3AD80A7E-BADB-47D9-8748-20CC5D18FF6E}"
EndProject
Global
	GlobalSection(SolutionConfigurationPlatforms) = preSolution
		Debug|Any CPU = Debug|Any CPU
		Release|Any CPU = Release|Any CPU
	EndGlobalSection
	GlobalSection(ProjectConfigurationPlatforms) = postSolution
		{3AD80A7E-BADB-47D9-8748-20CC5D18FF6E}.Debug|Any CPU.ActiveCfg = Debug|Any CPU
		{3AD80A7E-BADB-47D9-8748-20CC5D18FF6E}.Debug|Any CPU.Build.0 = Debug|Any CPU
		{3AD80A7E-BADB-47D9-8748-20CC5D18FF6E}.Release|Any CPU.ActiveCfg = Release|Any CPU
		{3AD80A7E-BADB-47D9-8748-20CC5D18FF6E}.Release|Any CPU.Build.0 = Release|Any CPU
	EndGlobalSection
	GlobalSection(SolutionProperties) = preSolution
		HideSolutionNode = FALSE
	EndGlobalSection
	GlobalSection(ExtensibilityGlobals) = postSolution
		SolutionGuid = {1D14BE42-3828-4A0D-84B0-4A8885805657}
	EndGlobalSection
EndGlobal
